
Microsoft Visual Studio Solution File, Format Version 12.00
# Visual Studio 15
VisualStudioVersion = 15.0.26430.13
MinimumVisualStudioVersion = 10.0.40219.1
Project("{FAE04EC0-301F-11D3-BF4B-00C04F79EFBC}") = "DroneLander.Android", "DroneLander\DroneLander.Android\DroneLander.Android.csproj", "{592D011E-BFF8-4F32-B762-52AC0AA5B76E}"
EndProject
Project("{FAE04EC0-301F-11D3-BF4B-00C04F79EFBC}") = "DroneLander", "DroneLander\DroneLander\DroneLander.csproj", "{A9B105C9-D14F-4141-9F45-CA963F78E8ED}"
EndProject
Project("{FAE04EC0-301F-11D3-BF4B-00C04F79EFBC}") = "DroneLander.UWP", "DroneLander\DroneLander.UWP\DroneLander.UWP.csproj", "{1AAA4810-6BBE-4102-ACD4-5A5D434389A9}"
EndProject
Project("{FAE04EC0-301F-11D3-BF4B-00C04F79EFBC}") = "DroneLander.iOS", "DroneLander\DroneLander.iOS\DroneLander.iOS.csproj", "{4FAB50F7-DA5C-455E-92B6-81D725511124}"
EndProject
Project("{FAE04EC0-301F-11D3-BF4B-00C04F79EFBC}") = "DroneLander.Backend", "DroneLander\DroneLander.Backend\DroneLander.Backend.csproj", "{209FA716-A7AD-4095-BD70-C8710FC66FA7}"
EndProject
Global
	GlobalSection(SolutionConfigurationPlatforms) = preSolution
		Ad-Hoc|Any CPU = Ad-Hoc|Any CPU
		Ad-Hoc|ARM = Ad-Hoc|ARM
		Ad-Hoc|iPhone = Ad-Hoc|iPhone
		Ad-Hoc|iPhoneSimulator = Ad-Hoc|iPhoneSimulator
		Ad-Hoc|x64 = Ad-Hoc|x64
		Ad-Hoc|x86 = Ad-Hoc|x86
		AppStore|Any CPU = AppStore|Any CPU
		AppStore|ARM = AppStore|ARM
		AppStore|iPhone = AppStore|iPhone
		AppStore|iPhoneSimulator = AppStore|iPhoneSimulator
		AppStore|x64 = AppStore|x64
		AppStore|x86 = AppStore|x86
		Debug|Any CPU = Debug|Any CPU
		Debug|ARM = Debug|ARM
		Debug|iPhone = Debug|iPhone
		Debug|iPhoneSimulator = Debug|iPhoneSimulator
		Debug|x64 = Debug|x64
		Debug|x86 = Debug|x86
		Release|Any CPU = Release|Any CPU
		Release|ARM = Release|ARM
		Release|iPhone = Release|iPhone
		Release|iPhoneSimulator = Release|iPhoneSimulator
		Release|x64 = Release|x64
		Release|x86 = Release|x86
	EndGlobalSection
	GlobalSection(ProjectConfigurationPlatforms) = postSolution
		{592D011E-BFF8-4F32-B762-52AC0AA5B76E}.Ad-Hoc|Any CPU.ActiveCfg = Release|Any CPU
		{592D011E-BFF8-4F32-B762-52AC0AA5B76E}.Ad-Hoc|Any CPU.Build.0 = Release|Any CPU
		{592D011E-BFF8-4F32-B762-52AC0AA5B76E}.Ad-Hoc|Any CPU.Deploy.0 = Release|Any CPU
		{592D011E-BFF8-4F32-B762-52AC0AA5B76E}.Ad-Hoc|ARM.ActiveCfg = Release|Any CPU
		{592D011E-BFF8-4F32-B762-52AC0AA5B76E}.Ad-Hoc|ARM.Build.0 = Release|Any CPU
		{592D011E-BFF8-4F32-B762-52AC0AA5B76E}.Ad-Hoc|ARM.Deploy.0 = Release|Any CPU
		{592D011E-BFF8-4F32-B762-52AC0AA5B76E}.Ad-Hoc|iPhone.ActiveCfg = Release|Any CPU
		{592D011E-BFF8-4F32-B762-52AC0AA5B76E}.Ad-Hoc|iPhone.Build.0 = Release|Any CPU
		{592D011E-BFF8-4F32-B762-52AC0AA5B76E}.Ad-Hoc|iPhone.Deploy.0 = Release|Any CPU
		{592D011E-BFF8-4F32-B762-52AC0AA5B76E}.Ad-Hoc|iPhoneSimulator.ActiveCfg = Release|Any CPU
		{592D011E-BFF8-4F32-B762-52AC0AA5B76E}.Ad-Hoc|iPhoneSimulator.Build.0 = Release|Any CPU
		{592D011E-BFF8-4F32-B762-52AC0AA5B76E}.Ad-Hoc|iPhoneSimulator.Deploy.0 = Release|Any CPU
		{592D011E-BFF8-4F32-B762-52AC0AA5B76E}.Ad-Hoc|x64.ActiveCfg = Release|Any CPU
		{592D011E-BFF8-4F32-B762-52AC0AA5B76E}.Ad-Hoc|x64.Build.0 = Release|Any CPU
		{592D011E-BFF8-4F32-B762-52AC0AA5B76E}.Ad-Hoc|x64.Deploy.0 = Release|Any CPU
		{592D011E-BFF8-4F32-B762-52AC0AA5B76E}.Ad-Hoc|x86.ActiveCfg = Release|Any CPU
		{592D011E-BFF8-4F32-B762-52AC0AA5B76E}.Ad-Hoc|x86.Build.0 = Release|Any CPU
		{592D011E-BFF8-4F32-B762-52AC0AA5B76E}.Ad-Hoc|x86.Deploy.0 = Release|Any CPU
		{592D011E-BFF8-4F32-B762-52AC0AA5B76E}.AppStore|Any CPU.ActiveCfg = Release|Any CPU
		{592D011E-BFF8-4F32-B762-52AC0AA5B76E}.AppStore|Any CPU.Build.0 = Release|Any CPU
		{592D011E-BFF8-4F32-B762-52AC0AA5B76E}.AppStore|Any CPU.Deploy.0 = Release|Any CPU
		{592D011E-BFF8-4F32-B762-52AC0AA5B76E}.AppStore|ARM.ActiveCfg = Release|Any CPU
		{592D011E-BFF8-4F32-B762-52AC0AA5B76E}.AppStore|ARM.Build.0 = Release|Any CPU
		{592D011E-BFF8-4F32-B762-52AC0AA5B76E}.AppStore|ARM.Deploy.0 = Release|Any CPU
		{592D011E-BFF8-4F32-B762-52AC0AA5B76E}.AppStore|iPhone.ActiveCfg = Release|Any CPU
		{592D011E-BFF8-4F32-B762-52AC0AA5B76E}.AppStore|iPhone.Build.0 = Release|Any CPU
		{592D011E-BFF8-4F32-B762-52AC0AA5B76E}.AppStore|iPhone.Deploy.0 = Release|Any CPU
		{592D011E-BFF8-4F32-B762-52AC0AA5B76E}.AppStore|iPhoneSimulator.ActiveCfg = Release|Any CPU
		{592D011E-BFF8-4F32-B762-52AC0AA5B76E}.AppStore|iPhoneSimulator.Build.0 = Release|Any CPU
		{592D011E-BFF8-4F32-B762-52AC0AA5B76E}.AppStore|iPhoneSimulator.Deploy.0 = Release|Any CPU
		{592D011E-BFF8-4F32-B762-52AC0AA5B76E}.AppStore|x64.ActiveCfg = Release|Any CPU
		{592D011E-BFF8-4F32-B762-52AC0AA5B76E}.AppStore|x64.Build.0 = Release|Any CPU
		{592D011E-BFF8-4F32-B762-52AC0AA5B76E}.AppStore|x64.Deploy.0 = Release|Any CPU
		{592D011E-BFF8-4F32-B762-52AC0AA5B76E}.AppStore|x86.ActiveCfg = Release|Any CPU
		{592D011E-BFF8-4F32-B762-52AC0AA5B76E}.AppStore|x86.Build.0 = Release|Any CPU
		{592D011E-BFF8-4F32-B762-52AC0AA5B76E}.AppStore|x86.Deploy.0 = Release|Any CPU
		{592D011E-BFF8-4F32-B762-52AC0AA5B76E}.Debug|Any CPU.ActiveCfg = Debug|Any CPU
		{592D011E-BFF8-4F32-B762-52AC0AA5B76E}.Debug|Any CPU.Build.0 = Debug|Any CPU
		{592D011E-BFF8-4F32-B762-52AC0AA5B76E}.Debug|Any CPU.Deploy.0 = Debug|Any CPU
		{592D011E-BFF8-4F32-B762-52AC0AA5B76E}.Debug|ARM.ActiveCfg = Debug|Any CPU
		{592D011E-BFF8-4F32-B762-52AC0AA5B76E}.Debug|ARM.Build.0 = Debug|Any CPU
		{592D011E-BFF8-4F32-B762-52AC0AA5B76E}.Debug|ARM.Deploy.0 = Debug|Any CPU
		{592D011E-BFF8-4F32-B762-52AC0AA5B76E}.Debug|iPhone.ActiveCfg = Debug|Any CPU
		{592D011E-BFF8-4F32-B762-52AC0AA5B76E}.Debug|iPhone.Build.0 = Debug|Any CPU
		{592D011E-BFF8-4F32-B762-52AC0AA5B76E}.Debug|iPhone.Deploy.0 = Debug|Any CPU
		{592D011E-BFF8-4F32-B762-52AC0AA5B76E}.Debug|iPhoneSimulator.ActiveCfg = Debug|Any CPU
		{592D011E-BFF8-4F32-B762-52AC0AA5B76E}.Debug|iPhoneSimulator.Build.0 = Debug|Any CPU
		{592D011E-BFF8-4F32-B762-52AC0AA5B76E}.Debug|iPhoneSimulator.Deploy.0 = Debug|Any CPU
		{592D011E-BFF8-4F32-B762-52AC0AA5B76E}.Debug|x64.ActiveCfg = Debug|Any CPU
		{592D011E-BFF8-4F32-B762-52AC0AA5B76E}.Debug|x64.Build.0 = Debug|Any CPU
		{592D011E-BFF8-4F32-B762-52AC0AA5B76E}.Debug|x64.Deploy.0 = Debug|Any CPU
		{592D011E-BFF8-4F32-B762-52AC0AA5B76E}.Debug|x86.ActiveCfg = Debug|Any CPU
		{592D011E-BFF8-4F32-B762-52AC0AA5B76E}.Debug|x86.Build.0 = Debug|Any CPU
		{592D011E-BFF8-4F32-B762-52AC0AA5B76E}.Debug|x86.Deploy.0 = Debug|Any CPU
		{592D011E-BFF8-4F32-B762-52AC0AA5B76E}.Release|Any CPU.ActiveCfg = Release|Any CPU
		{592D011E-BFF8-4F32-B762-52AC0AA5B76E}.Release|Any CPU.Build.0 = Release|Any CPU
		{592D011E-BFF8-4F32-B762-52AC0AA5B76E}.Release|Any CPU.Deploy.0 = Release|Any CPU
		{592D011E-BFF8-4F32-B762-52AC0AA5B76E}.Release|ARM.ActiveCfg = Release|Any CPU
		{592D011E-BFF8-4F32-B762-52AC0AA5B76E}.Release|ARM.Build.0 = Release|Any CPU
		{592D011E-BFF8-4F32-B762-52AC0AA5B76E}.Release|ARM.Deploy.0 = Release|Any CPU
		{592D011E-BFF8-4F32-B762-52AC0AA5B76E}.Release|iPhone.ActiveCfg = Release|Any CPU
		{592D011E-BFF8-4F32-B762-52AC0AA5B76E}.Release|iPhone.Build.0 = Release|Any CPU
		{592D011E-BFF8-4F32-B762-52AC0AA5B76E}.Release|iPhone.Deploy.0 = Release|Any CPU
		{592D011E-BFF8-4F32-B762-52AC0AA5B76E}.Release|iPhoneSimulator.ActiveCfg = Release|Any CPU
		{592D011E-BFF8-4F32-B762-52AC0AA5B76E}.Release|iPhoneSimulator.Build.0 = Release|Any CPU
		{592D011E-BFF8-4F32-B762-52AC0AA5B76E}.Release|iPhoneSimulator.Deploy.0 = Release|Any CPU
		{592D011E-BFF8-4F32-B762-52AC0AA5B76E}.Release|x64.ActiveCfg = Release|Any CPU
		{592D011E-BFF8-4F32-B762-52AC0AA5B76E}.Release|x64.Build.0 = Release|Any CPU
		{592D011E-BFF8-4F32-B762-52AC0AA5B76E}.Release|x64.Deploy.0 = Release|Any CPU
		{592D011E-BFF8-4F32-B762-52AC0AA5B76E}.Release|x86.ActiveCfg = Release|Any CPU
		{592D011E-BFF8-4F32-B762-52AC0AA5B76E}.Release|x86.Build.0 = Release|Any CPU
		{592D011E-BFF8-4F32-B762-52AC0AA5B76E}.Release|x86.Deploy.0 = Release|Any CPU
		{A9B105C9-D14F-4141-9F45-CA963F78E8ED}.Ad-Hoc|Any CPU.ActiveCfg = Release|Any CPU
		{A9B105C9-D14F-4141-9F45-CA963F78E8ED}.Ad-Hoc|Any CPU.Build.0 = Release|Any CPU
		{A9B105C9-D14F-4141-9F45-CA963F78E8ED}.Ad-Hoc|ARM.ActiveCfg = Release|Any CPU
		{A9B105C9-D14F-4141-9F45-CA963F78E8ED}.Ad-Hoc|ARM.Build.0 = Release|Any CPU
		{A9B105C9-D14F-4141-9F45-CA963F78E8ED}.Ad-Hoc|iPhone.ActiveCfg = Release|Any CPU
		{A9B105C9-D14F-4141-9F45-CA963F78E8ED}.Ad-Hoc|iPhone.Build.0 = Release|Any CPU
		{A9B105C9-D14F-4141-9F45-CA963F78E8ED}.Ad-Hoc|iPhoneSimulator.ActiveCfg = Release|Any CPU
		{A9B105C9-D14F-4141-9F45-CA963F78E8ED}.Ad-Hoc|iPhoneSimulator.Build.0 = Release|Any CPU
		{A9B105C9-D14F-4141-9F45-CA963F78E8ED}.Ad-Hoc|x64.ActiveCfg = Release|Any CPU
		{A9B105C9-D14F-4141-9F45-CA963F78E8ED}.Ad-Hoc|x64.Build.0 = Release|Any CPU
		{A9B105C9-D14F-4141-9F45-CA963F78E8ED}.Ad-Hoc|x86.ActiveCfg = Release|Any CPU
		{A9B105C9-D14F-4141-9F45-CA963F78E8ED}.Ad-Hoc|x86.Build.0 = Release|Any CPU
		{A9B105C9-D14F-4141-9F45-CA963F78E8ED}.AppStore|Any CPU.ActiveCfg = Release|Any CPU
		{A9B105C9-D14F-4141-9F45-CA963F78E8ED}.AppStore|Any CPU.Build.0 = Release|Any CPU
		{A9B105C9-D14F-4141-9F45-CA963F78E8ED}.AppStore|ARM.ActiveCfg = Release|Any CPU
		{A9B105C9-D14F-4141-9F45-CA963F78E8ED}.AppStore|ARM.Build.0 = Release|Any CPU
		{A9B105C9-D14F-4141-9F45-CA963F78E8ED}.AppStore|iPhone.ActiveCfg = Release|Any CPU
		{A9B105C9-D14F-4141-9F45-CA963F78E8ED}.AppStore|iPhone.Build.0 = Release|Any CPU
		{A9B105C9-D14F-4141-9F45-CA963F78E8ED}.AppStore|iPhoneSimulator.ActiveCfg = Release|Any CPU
		{A9B105C9-D14F-4141-9F45-CA963F78E8ED}.AppStore|iPhoneSimulator.Build.0 = Release|Any CPU
		{A9B105C9-D14F-4141-9F45-CA963F78E8ED}.AppStore|x64.ActiveCfg = Release|Any CPU
		{A9B105C9-D14F-4141-9F45-CA963F78E8ED}.AppStore|x64.Build.0 = Release|Any CPU
		{A9B105C9-D14F-4141-9F45-CA963F78E8ED}.AppStore|x86.ActiveCfg = Release|Any CPU
		{A9B105C9-D14F-4141-9F45-CA963F78E8ED}.AppStore|x86.Build.0 = Release|Any CPU
		{A9B105C9-D14F-4141-9F45-CA963F78E8ED}.Debug|Any CPU.ActiveCfg = Debug|Any CPU
		{A9B105C9-D14F-4141-9F45-CA963F78E8ED}.Debug|Any CPU.Build.0 = Debug|Any CPU
		{A9B105C9-D14F-4141-9F45-CA963F78E8ED}.Debug|ARM.ActiveCfg = Debug|Any CPU
		{A9B105C9-D14F-4141-9F45-CA963F78E8ED}.Debug|ARM.Build.0 = Debug|Any CPU
		{A9B105C9-D14F-4141-9F45-CA963F78E8ED}.Debug|iPhone.ActiveCfg = Debug|Any CPU
		{A9B105C9-D14F-4141-9F45-CA963F78E8ED}.Debug|iPhone.Build.0 = Debug|Any CPU
		{A9B105C9-D14F-4141-9F45-CA963F78E8ED}.Debug|iPhoneSimulator.ActiveCfg = Debug|Any CPU
		{A9B105C9-D14F-4141-9F45-CA963F78E8ED}.Debug|iPhoneSimulator.Build.0 = Debug|Any CPU
		{A9B105C9-D14F-4141-9F45-CA963F78E8ED}.Debug|x64.ActiveCfg = Debug|Any CPU
		{A9B105C9-D14F-4141-9F45-CA963F78E8ED}.Debug|x64.Build.0 = Debug|Any CPU
		{A9B105C9-D14F-4141-9F45-CA963F78E8ED}.Debug|x86.ActiveCfg = Debug|Any CPU
		{A9B105C9-D14F-4141-9F45-CA963F78E8ED}.Debug|x86.Build.0 = Debug|Any CPU
		{A9B105C9-D14F-4141-9F45-CA963F78E8ED}.Release|Any CPU.ActiveCfg = Release|Any CPU
		{A9B105C9-D14F-4141-9F45-CA963F78E8ED}.Release|Any CPU.Build.0 = Release|Any CPU
		{A9B105C9-D14F-4141-9F45-CA963F78E8ED}.Release|ARM.ActiveCfg = Release|Any CPU
		{A9B105C9-D14F-4141-9F45-CA963F78E8ED}.Release|ARM.Build.0 = Release|Any CPU
		{A9B105C9-D14F-4141-9F45-CA963F78E8ED}.Release|iPhone.ActiveCfg = Release|Any CPU
		{A9B105C9-D14F-4141-9F45-CA963F78E8ED}.Release|iPhone.Build.0 = Release|Any CPU
		{A9B105C9-D14F-4141-9F45-CA963F78E8ED}.Release|iPhoneSimulator.ActiveCfg = Release|Any CPU
		{A9B105C9-D14F-4141-9F45-CA963F78E8ED}.Release|iPhoneSimulator.Build.0 = Release|Any CPU
		{A9B105C9-D14F-4141-9F45-CA963F78E8ED}.Release|x64.ActiveCfg = Release|Any CPU
		{A9B105C9-D14F-4141-9F45-CA963F78E8ED}.Release|x64.Build.0 = Release|Any CPU
		{A9B105C9-D14F-4141-9F45-CA963F78E8ED}.Release|x86.ActiveCfg = Release|Any CPU
		{A9B105C9-D14F-4141-9F45-CA963F78E8ED}.Release|x86.Build.0 = Release|Any CPU
		{1AAA4810-6BBE-4102-ACD4-5A5D434389A9}.Ad-Hoc|Any CPU.ActiveCfg = Release|x86
		{1AAA4810-6BBE-4102-ACD4-5A5D434389A9}.Ad-Hoc|Any CPU.Build.0 = Release|x86
		{1AAA4810-6BBE-4102-ACD4-5A5D434389A9}.Ad-Hoc|Any CPU.Deploy.0 = Release|x86
		{1AAA4810-6BBE-4102-ACD4-5A5D434389A9}.Ad-Hoc|ARM.ActiveCfg = Release|ARM
		{1AAA4810-6BBE-4102-ACD4-5A5D434389A9}.Ad-Hoc|ARM.Build.0 = Release|ARM
		{1AAA4810-6BBE-4102-ACD4-5A5D434389A9}.Ad-Hoc|ARM.Deploy.0 = Release|ARM
		{1AAA4810-6BBE-4102-ACD4-5A5D434389A9}.Ad-Hoc|iPhone.ActiveCfg = Release|x86
		{1AAA4810-6BBE-4102-ACD4-5A5D434389A9}.Ad-Hoc|iPhone.Build.0 = Release|x86
		{1AAA4810-6BBE-4102-ACD4-5A5D434389A9}.Ad-Hoc|iPhone.Deploy.0 = Release|x86
		{1AAA4810-6BBE-4102-ACD4-5A5D434389A9}.Ad-Hoc|iPhoneSimulator.ActiveCfg = Release|x86
		{1AAA4810-6BBE-4102-ACD4-5A5D434389A9}.Ad-Hoc|iPhoneSimulator.Build.0 = Release|x86
		{1AAA4810-6BBE-4102-ACD4-5A5D434389A9}.Ad-Hoc|iPhoneSimulator.Deploy.0 = Release|x86
		{1AAA4810-6BBE-4102-ACD4-5A5D434389A9}.Ad-Hoc|x64.ActiveCfg = Release|x64
		{1AAA4810-6BBE-4102-ACD4-5A5D434389A9}.Ad-Hoc|x64.Build.0 = Release|x64
		{1AAA4810-6BBE-4102-ACD4-5A5D434389A9}.Ad-Hoc|x64.Deploy.0 = Release|x64
		{1AAA4810-6BBE-4102-ACD4-5A5D434389A9}.Ad-Hoc|x86.ActiveCfg = Release|x86
		{1AAA4810-6BBE-4102-ACD4-5A5D434389A9}.Ad-Hoc|x86.Build.0 = Release|x86
		{1AAA4810-6BBE-4102-ACD4-5A5D434389A9}.Ad-Hoc|x86.Deploy.0 = Release|x86
		{1AAA4810-6BBE-4102-ACD4-5A5D434389A9}.AppStore|Any CPU.ActiveCfg = Release|x86
		{1AAA4810-6BBE-4102-ACD4-5A5D434389A9}.AppStore|Any CPU.Build.0 = Release|x86
		{1AAA4810-6BBE-4102-ACD4-5A5D434389A9}.AppStore|Any CPU.Deploy.0 = Release|x86
		{1AAA4810-6BBE-4102-ACD4-5A5D434389A9}.AppStore|ARM.ActiveCfg = Release|ARM
		{1AAA4810-6BBE-4102-ACD4-5A5D434389A9}.AppStore|ARM.Build.0 = Release|ARM
		{1AAA4810-6BBE-4102-ACD4-5A5D434389A9}.AppStore|ARM.Deploy.0 = Release|ARM
		{1AAA4810-6BBE-4102-ACD4-5A5D434389A9}.AppStore|iPhone.ActiveCfg = Release|x86
		{1AAA4810-6BBE-4102-ACD4-5A5D434389A9}.AppStore|iPhone.Build.0 = Release|x86
		{1AAA4810-6BBE-4102-ACD4-5A5D434389A9}.AppStore|iPhone.Deploy.0 = Release|x86
		{1AAA4810-6BBE-4102-ACD4-5A5D434389A9}.AppStore|iPhoneSimulator.ActiveCfg = Release|x86
		{1AAA4810-6BBE-4102-ACD4-5A5D434389A9}.AppStore|iPhoneSimulator.Build.0 = Release|x86
		{1AAA4810-6BBE-4102-ACD4-5A5D434389A9}.AppStore|iPhoneSimulator.Deploy.0 = Release|x86
		{1AAA4810-6BBE-4102-ACD4-5A5D434389A9}.AppStore|x64.ActiveCfg = Release|x64
		{1AAA4810-6BBE-4102-ACD4-5A5D434389A9}.AppStore|x64.Build.0 = Release|x64
		{1AAA4810-6BBE-4102-ACD4-5A5D434389A9}.AppStore|x64.Deploy.0 = Release|x64
		{1AAA4810-6BBE-4102-ACD4-5A5D434389A9}.AppStore|x86.ActiveCfg = Release|x86
		{1AAA4810-6BBE-4102-ACD4-5A5D434389A9}.AppStore|x86.Build.0 = Release|x86
		{1AAA4810-6BBE-4102-ACD4-5A5D434389A9}.AppStore|x86.Deploy.0 = Release|x86
		{1AAA4810-6BBE-4102-ACD4-5A5D434389A9}.Debug|Any CPU.ActiveCfg = Debug|x86
		{1AAA4810-6BBE-4102-ACD4-5A5D434389A9}.Debug|Any CPU.Build.0 = Debug|x86
		{1AAA4810-6BBE-4102-ACD4-5A5D434389A9}.Debug|Any CPU.Deploy.0 = Debug|x86
		{1AAA4810-6BBE-4102-ACD4-5A5D434389A9}.Debug|ARM.ActiveCfg = Debug|ARM
		{1AAA4810-6BBE-4102-ACD4-5A5D434389A9}.Debug|ARM.Build.0 = Debug|ARM
		{1AAA4810-6BBE-4102-ACD4-5A5D434389A9}.Debug|ARM.Deploy.0 = Debug|ARM
		{1AAA4810-6BBE-4102-ACD4-5A5D434389A9}.Debug|iPhone.ActiveCfg = Debug|x86
		{1AAA4810-6BBE-4102-ACD4-5A5D434389A9}.Debug|iPhoneSimulator.ActiveCfg = Debug|x86
		{1AAA4810-6BBE-4102-ACD4-5A5D434389A9}.Debug|x64.ActiveCfg = Debug|x64
		{1AAA4810-6BBE-4102-ACD4-5A5D434389A9}.Debug|x64.Build.0 = Debug|x64
		{1AAA4810-6BBE-4102-ACD4-5A5D434389A9}.Debug|x64.Deploy.0 = Debug|x64
		{1AAA4810-6BBE-4102-ACD4-5A5D434389A9}.Debug|x86.ActiveCfg = Debug|x86
		{1AAA4810-6BBE-4102-ACD4-5A5D434389A9}.Debug|x86.Build.0 = Debug|x86
		{1AAA4810-6BBE-4102-ACD4-5A5D434389A9}.Debug|x86.Deploy.0 = Debug|x86
		{1AAA4810-6BBE-4102-ACD4-5A5D434389A9}.Release|Any CPU.ActiveCfg = Release|x86
		{1AAA4810-6BBE-4102-ACD4-5A5D434389A9}.Release|ARM.ActiveCfg = Release|ARM
		{1AAA4810-6BBE-4102-ACD4-5A5D434389A9}.Release|ARM.Build.0 = Release|ARM
		{1AAA4810-6BBE-4102-ACD4-5A5D434389A9}.Release|ARM.Deploy.0 = Release|ARM
		{1AAA4810-6BBE-4102-ACD4-5A5D434389A9}.Release|iPhone.ActiveCfg = Release|x86
		{1AAA4810-6BBE-4102-ACD4-5A5D434389A9}.Release|iPhoneSimulator.ActiveCfg = Release|x86
		{1AAA4810-6BBE-4102-ACD4-5A5D434389A9}.Release|x64.ActiveCfg = Release|x64
		{1AAA4810-6BBE-4102-ACD4-5A5D434389A9}.Release|x64.Build.0 = Release|x64
		{1AAA4810-6BBE-4102-ACD4-5A5D434389A9}.Release|x64.Deploy.0 = Release|x64
		{1AAA4810-6BBE-4102-ACD4-5A5D434389A9}.Release|x86.ActiveCfg = Release|x86
		{1AAA4810-6BBE-4102-ACD4-5A5D434389A9}.Release|x86.Build.0 = Release|x86
		{1AAA4810-6BBE-4102-ACD4-5A5D434389A9}.Release|x86.Deploy.0 = Release|x86
		{4FAB50F7-DA5C-455E-92B6-81D725511124}.Ad-Hoc|Any CPU.ActiveCfg = Ad-Hoc|iPhone
		{4FAB50F7-DA5C-455E-92B6-81D725511124}.Ad-Hoc|ARM.ActiveCfg = Ad-Hoc|iPhone
		{4FAB50F7-DA5C-455E-92B6-81D725511124}.Ad-Hoc|iPhone.ActiveCfg = Ad-Hoc|iPhone
		{4FAB50F7-DA5C-455E-92B6-81D725511124}.Ad-Hoc|iPhone.Build.0 = Ad-Hoc|iPhone
		{4FAB50F7-DA5C-455E-92B6-81D725511124}.Ad-Hoc|iPhoneSimulator.ActiveCfg = Ad-Hoc|iPhoneSimulator
		{4FAB50F7-DA5C-455E-92B6-81D725511124}.Ad-Hoc|iPhoneSimulator.Build.0 = Ad-Hoc|iPhoneSimulator
		{4FAB50F7-DA5C-455E-92B6-81D725511124}.Ad-Hoc|x64.ActiveCfg = Ad-Hoc|iPhone
		{4FAB50F7-DA5C-455E-92B6-81D725511124}.Ad-Hoc|x86.ActiveCfg = Ad-Hoc|iPhone
		{4FAB50F7-DA5C-455E-92B6-81D725511124}.AppStore|Any CPU.ActiveCfg = AppStore|iPhone
		{4FAB50F7-DA5C-455E-92B6-81D725511124}.AppStore|ARM.ActiveCfg = AppStore|iPhone
		{4FAB50F7-DA5C-455E-92B6-81D725511124}.AppStore|iPhone.ActiveCfg = AppStore|iPhone
		{4FAB50F7-DA5C-455E-92B6-81D725511124}.AppStore|iPhone.Build.0 = AppStore|iPhone
		{4FAB50F7-DA5C-455E-92B6-81D725511124}.AppStore|iPhoneSimulator.ActiveCfg = AppStore|iPhoneSimulator
		{4FAB50F7-DA5C-455E-92B6-81D725511124}.AppStore|iPhoneSimulator.Build.0 = AppStore|iPhoneSimulator
		{4FAB50F7-DA5C-455E-92B6-81D725511124}.AppStore|x64.ActiveCfg = AppStore|iPhone
		{4FAB50F7-DA5C-455E-92B6-81D725511124}.AppStore|x86.ActiveCfg = AppStore|iPhone
		{4FAB50F7-DA5C-455E-92B6-81D725511124}.Debug|Any CPU.ActiveCfg = Debug|iPhone
		{4FAB50F7-DA5C-455E-92B6-81D725511124}.Debug|ARM.ActiveCfg = Debug|iPhone
		{4FAB50F7-DA5C-455E-92B6-81D725511124}.Debug|iPhone.ActiveCfg = Debug|iPhone
		{4FAB50F7-DA5C-455E-92B6-81D725511124}.Debug|iPhone.Build.0 = Debug|iPhone
		{4FAB50F7-DA5C-455E-92B6-81D725511124}.Debug|iPhoneSimulator.ActiveCfg = Debug|iPhoneSimulator
		{4FAB50F7-DA5C-455E-92B6-81D725511124}.Debug|iPhoneSimulator.Build.0 = Debug|iPhoneSimulator
		{4FAB50F7-DA5C-455E-92B6-81D725511124}.Debug|x64.ActiveCfg = Debug|iPhone
		{4FAB50F7-DA5C-455E-92B6-81D725511124}.Debug|x86.ActiveCfg = Debug|iPhone
		{4FAB50F7-DA5C-455E-92B6-81D725511124}.Release|Any CPU.ActiveCfg = Release|iPhone
		{4FAB50F7-DA5C-455E-92B6-81D725511124}.Release|ARM.ActiveCfg = Release|iPhone
		{4FAB50F7-DA5C-455E-92B6-81D725511124}.Release|iPhone.ActiveCfg = Release|iPhone
		{4FAB50F7-DA5C-455E-92B6-81D725511124}.Release|iPhone.Build.0 = Release|iPhone
		{4FAB50F7-DA5C-455E-92B6-81D725511124}.Release|iPhoneSimulator.ActiveCfg = Release|iPhoneSimulator
		{4FAB50F7-DA5C-455E-92B6-81D725511124}.Release|iPhoneSimulator.Build.0 = Release|iPhoneSimulator
		{4FAB50F7-DA5C-455E-92B6-81D725511124}.Release|x64.ActiveCfg = Release|iPhone
		{4FAB50F7-DA5C-455E-92B6-81D725511124}.Release|x86.ActiveCfg = Release|iPhone
		{209FA716-A7AD-4095-BD70-C8710FC66FA7}.Ad-Hoc|Any CPU.ActiveCfg = Release|Any CPU
		{209FA716-A7AD-4095-BD70-C8710FC66FA7}.Ad-Hoc|Any CPU.Build.0 = Release|Any CPU
		{209FA716-A7AD-4095-BD70-C8710FC66FA7}.Ad-Hoc|ARM.ActiveCfg = Release|Any CPU
		{209FA716-A7AD-4095-BD70-C8710FC66FA7}.Ad-Hoc|ARM.Build.0 = Release|Any CPU
		{209FA716-A7AD-4095-BD70-C8710FC66FA7}.Ad-Hoc|iPhone.ActiveCfg = Release|Any CPU
		{209FA716-A7AD-4095-BD70-C8710FC66FA7}.Ad-Hoc|iPhone.Build.0 = Release|Any CPU
		{209FA716-A7AD-4095-BD70-C8710FC66FA7}.Ad-Hoc|iPhoneSimulator.ActiveCfg = Release|Any CPU
		{209FA716-A7AD-4095-BD70-C8710FC66FA7}.Ad-Hoc|iPhoneSimulator.Build.0 = Release|Any CPU
		{209FA716-A7AD-4095-BD70-C8710FC66FA7}.Ad-Hoc|x64.ActiveCfg = Release|Any CPU
		{209FA716-A7AD-4095-BD70-C8710FC66FA7}.Ad-Hoc|x64.Build.0 = Release|Any CPU
		{209FA716-A7AD-4095-BD70-C8710FC66FA7}.Ad-Hoc|x86.ActiveCfg = Release|Any CPU
		{209FA716-A7AD-4095-BD70-C8710FC66FA7}.Ad-Hoc|x86.Build.0 = Release|Any CPU
		{209FA716-A7AD-4095-BD70-C8710FC66FA7}.AppStore|Any CPU.ActiveCfg = Release|Any CPU
		{209FA716-A7AD-4095-BD70-C8710FC66FA7}.AppStore|Any CPU.Build.0 = Release|Any CPU
		{209FA716-A7AD-4095-BD70-C8710FC66FA7}.AppStore|ARM.ActiveCfg = Release|Any CPU
		{209FA716-A7AD-4095-BD70-C8710FC66FA7}.AppStore|ARM.Build.0 = Release|Any CPU
		{209FA716-A7AD-4095-BD70-C8710FC66FA7}.AppStore|iPhone.ActiveCfg = Release|Any CPU
		{209FA716-A7AD-4095-BD70-C8710FC66FA7}.AppStore|iPhone.Build.0 = Release|Any CPU
		{209FA716-A7AD-4095-BD70-C8710FC66FA7}.AppStore|iPhoneSimulator.ActiveCfg = Release|Any CPU
		{209FA716-A7AD-4095-BD70-C8710FC66FA7}.AppStore|iPhoneSimulator.Build.0 = Release|Any CPU
		{209FA716-A7AD-4095-BD70-C8710FC66FA7}.AppStore|x64.ActiveCfg = Release|Any CPU
		{209FA716-A7AD-4095-BD70-C8710FC66FA7}.AppStore|x64.Build.0 = Release|Any CPU
		{209FA716-A7AD-4095-BD70-C8710FC66FA7}.AppStore|x86.ActiveCfg = Release|Any CPU
		{209FA716-A7AD-4095-BD70-C8710FC66FA7}.AppStore|x86.Build.0 = Release|Any CPU
		{209FA716-A7AD-4095-BD70-C8710FC66FA7}.Debug|Any CPU.ActiveCfg = Debug|Any CPU
		{209FA716-A7AD-4095-BD70-C8710FC66FA7}.Debug|Any CPU.Build.0 = Debug|Any CPU
		{209FA716-A7AD-4095-BD70-C8710FC66FA7}.Debug|ARM.ActiveCfg = Debug|Any CPU
		{209FA716-A7AD-4095-BD70-C8710FC66FA7}.Debug|ARM.Build.0 = Debug|Any CPU
		{209FA716-A7AD-4095-BD70-C8710FC66FA7}.Debug|iPhone.ActiveCfg = Debug|Any CPU
		{209FA716-A7AD-4095-BD70-C8710FC66FA7}.Debug|iPhone.Build.0 = Debug|Any CPU
		{209FA716-A7AD-4095-BD70-C8710FC66FA7}.Debug|iPhoneSimulator.ActiveCfg = Debug|Any CPU
		{209FA716-A7AD-4095-BD70-C8710FC66FA7}.Debug|iPhoneSimulator.Build.0 = Debug|Any CPU
		{209FA716-A7AD-4095-BD70-C8710FC66FA7}.Debug|x64.ActiveCfg = Debug|Any CPU
		{209FA716-A7AD-4095-BD70-C8710FC66FA7}.Debug|x64.Build.0 = Debug|Any CPU
		{209FA716-A7AD-4095-BD70-C8710FC66FA7}.Debug|x86.ActiveCfg = Debug|Any CPU
		{209FA716-A7AD-4095-BD70-C8710FC66FA7}.Debug|x86.Build.0 = Debug|Any CPU
		{209FA716-A7AD-4095-BD70-C8710FC66FA7}.Release|Any CPU.ActiveCfg = Release|Any CPU
		{209FA716-A7AD-4095-BD70-C8710FC66FA7}.Release|Any CPU.Build.0 = Release|Any CPU
		{209FA716-A7AD-4095-BD70-C8710FC66FA7}.Release|ARM.ActiveCfg = Release|Any CPU
		{209FA716-A7AD-4095-BD70-C8710FC66FA7}.Release|ARM.Build.0 = Release|Any CPU
		{209FA716-A7AD-4095-BD70-C8710FC66FA7}.Release|iPhone.ActiveCfg = Release|Any CPU
		{209FA716-A7AD-4095-BD70-C8710FC66FA7}.Release|iPhone.Build.0 = Release|Any CPU
		{209FA716-A7AD-4095-BD70-C8710FC66FA7}.Release|iPhoneSimulator.ActiveCfg = Release|Any CPU
		{209FA716-A7AD-4095-BD70-C8710FC66FA7}.Release|iPhoneSimulator.Build.0 = Release|Any CPU
		{209FA716-A7AD-4095-BD70-C8710FC66FA7}.Release|x64.ActiveCfg = Release|Any CPU
		{209FA716-A7AD-4095-BD70-C8710FC66FA7}.Release|x64.Build.0 = Release|Any CPU
		{209FA716-A7AD-4095-BD70-C8710FC66FA7}.Release|x86.ActiveCfg = Release|Any CPU
		{209FA716-A7AD-4095-BD70-C8710FC66FA7}.Release|x86.Build.0 = Release|Any CPU
	EndGlobalSection
	GlobalSection(SolutionProperties) = preSolution
		HideSolutionNode = FALSE
	EndGlobalSection
EndGlobal
